// !$*UTF8*$!
{
	archiveVersion = 1;
	classes = {
	};
	objectVersion = 50;
	objects = {

/* Begin PBXBuildFile section */
		14F2628726F1C8780067DC42 /* AppDelegate.swift in Sources */ = {isa = PBXBuildFile; fileRef = 14F2628626F1C8780067DC42 /* AppDelegate.swift */; };
		14F2628926F1C8780067DC42 /* SceneDelegate.swift in Sources */ = {isa = PBXBuildFile; fileRef = 14F2628826F1C8780067DC42 /* SceneDelegate.swift */; };
		14F2628B26F1C8780067DC42 /* ViewController.swift in Sources */ = {isa = PBXBuildFile; fileRef = 14F2628A26F1C8780067DC42 /* ViewController.swift */; };
		14F2628E26F1C8780067DC42 /* Main.storyboard in Resources */ = {isa = PBXBuildFile; fileRef = 14F2628C26F1C8780067DC42 /* Main.storyboard */; };
		14F2629026F1C8780067DC42 /* Assets.xcassets in Resources */ = {isa = PBXBuildFile; fileRef = 14F2628F26F1C8780067DC42 /* Assets.xcassets */; };
		14F2629326F1C8780067DC42 /* LaunchScreen.storyboard in Resources */ = {isa = PBXBuildFile; fileRef = 14F2629126F1C8780067DC42 /* LaunchScreen.storyboard */; };
		14F2629E26F1C9800067DC42 /* DogAPI.swift in Sources */ = {isa = PBXBuildFile; fileRef = 14F2629D26F1C9800067DC42 /* DogAPI.swift */; };
		14F262A026F1D2990067DC42 /* DogImage.swift in Sources */ = {isa = PBXBuildFile; fileRef = 14F2629F26F1D2990067DC42 /* DogImage.swift */; };
/* End PBXBuildFile section */

/* Begin PBXFileReference section */
		14F2628326F1C8780067DC42 /* RanDog.app */ = {isa = PBXFileReference; explicitFileType = wrapper.application; includeInIndex = 0; path = RanDog.app; sourceTree = BUILT_PRODUCTS_DIR; };
		14F2628626F1C8780067DC42 /* AppDelegate.swift */ = {isa = PBXFileReference; lastKnownFileType = sourcecode.swift; path = AppDelegate.swift; sourceTree = "<group>"; };
		14F2628826F1C8780067DC42 /* SceneDelegate.swift */ = {isa = PBXFileReference; lastKnownFileType = sourcecode.swift; path = SceneDelegate.swift; sourceTree = "<group>"; };
		14F2628A26F1C8780067DC42 /* ViewController.swift */ = {isa = PBXFileReference; lastKnownFileType = sourcecode.swift; path = ViewController.swift; sourceTree = "<group>"; };
		14F2628D26F1C8780067DC42 /* Base */ = {isa = PBXFileReference; lastKnownFileType = file.storyboard; name = Base; path = Base.lproj/Main.storyboard; sourceTree = "<group>"; };
		14F2628F26F1C8780067DC42 /* Assets.xcassets */ = {isa = PBXFileReference; lastKnownFileType = folder.assetcatalog; path = Assets.xcassets; sourceTree = "<group>"; };
		14F2629226F1C8780067DC42 /* Base */ = {isa = PBXFileReference; lastKnownFileType = file.storyboard; name = Base; path = Base.lproj/LaunchScreen.storyboard; sourceTree = "<group>"; };
		14F2629426F1C8780067DC42 /* Info.plist */ = {isa = PBXFileReference; lastKnownFileType = text.plist.xml; path = Info.plist; sourceTree = "<group>"; };
		14F2629D26F1C9800067DC42 /* DogAPI.swift */ = {isa = PBXFileReference; lastKnownFileType = sourcecode.swift; path = DogAPI.swift; sourceTree = "<group>"; };
		14F2629F26F1D2990067DC42 /* DogImage.swift */ = {isa = PBXFileReference; lastKnownFileType = sourcecode.swift; path = DogImage.swift; sourceTree = "<group>"; };
/* End PBXFileReference section */

/* Begin PBXFrameworksBuildPhase section */
		14F2628026F1C8780067DC42 /* Frameworks */ = {
			isa = PBXFrameworksBuildPhase;
			buildActionMask = 2147483647;
			files = (
			);
			runOnlyForDeploymentPostprocessing = 0;
		};
/* End PBXFrameworksBuildPhase section */

/* Begin PBXGroup section */
		14F2627A26F1C8780067DC42 = {
			isa = PBXGroup;
			children = (
				14F2628526F1C8780067DC42 /* RanDog */,
				14F2628426F1C8780067DC42 /* Products */,
			);
			sourceTree = "<group>";
		};
		14F2628426F1C8780067DC42 /* Products */ = {
			isa = PBXGroup;
			children = (
				14F2628326F1C8780067DC42 /* RanDog.app */,
			);
			name = Products;
			sourceTree = "<group>";
		};
		14F2628526F1C8780067DC42 /* RanDog */ = {
			isa = PBXGroup;
			children = (
				14F2629C26F1C9690067DC42 /* Model */,
				14F2629B26F1C8920067DC42 /* View */,
				14F2629A26F1C8860067DC42 /* Controller */,
				14F2629426F1C8780067DC42 /* Info.plist */,
			);
			path = RanDog;
			sourceTree = "<group>";
		};
		14F2629A26F1C8860067DC42 /* Controller */ = {
			isa = PBXGroup;
			children = (
				14F2628626F1C8780067DC42 /* AppDelegate.swift */,
				14F2628826F1C8780067DC42 /* SceneDelegate.swift */,
				14F2628A26F1C8780067DC42 /* ViewController.swift */,
			);
			path = Controller;
			sourceTree = "<group>";
		};
		14F2629B26F1C8920067DC42 /* View */ = {
			isa = PBXGroup;
			children = (
				14F2628C26F1C8780067DC42 /* Main.storyboard */,
				14F2628F26F1C8780067DC42 /* Assets.xcassets */,
				14F2629126F1C8780067DC42 /* LaunchScreen.storyboard */,
			);
			path = View;
			sourceTree = "<group>";
		};
		14F2629C26F1C9690067DC42 /* Model */ = {
			isa = PBXGroup;
			children = (
				14F2629D26F1C9800067DC42 /* DogAPI.swift */,
				14F2629F26F1D2990067DC42 /* DogImage.swift */,
			);
			path = Model;
			sourceTree = "<group>";
		};
/* End PBXGroup section */

/* Begin PBXNativeTarget section */
		14F2628226F1C8780067DC42 /* RanDog */ = {
			isa = PBXNativeTarget;
			buildConfigurationList = 14F2629726F1C8780067DC42 /* Build configuration list for PBXNativeTarget "RanDog" */;
			buildPhases = (
				14F2627F26F1C8780067DC42 /* Sources */,
				14F2628026F1C8780067DC42 /* Frameworks */,
				14F2628126F1C8780067DC42 /* Resources */,
			);
			buildRules = (
			);
			dependencies = (
			);
			name = RanDog;
			productName = RanDog;
			productReference = 14F2628326F1C8780067DC42 /* RanDog.app */;
			productType = "com.apple.product-type.application";
		};
/* End PBXNativeTarget section */

/* Begin PBXProject section */
		14F2627B26F1C8780067DC42 /* Project object */ = {
			isa = PBXProject;
			attributes = {
				LastSwiftUpdateCheck = 1250;
				LastUpgradeCheck = 1250;
				TargetAttributes = {
					14F2628226F1C8780067DC42 = {
						CreatedOnToolsVersion = 12.5.1;
					};
				};
			};
			buildConfigurationList = 14F2627E26F1C8780067DC42 /* Build configuration list for PBXProject "RanDog" */;
			compatibilityVersion = "Xcode 9.3";
			developmentRegion = en;
			hasScannedForEncodings = 0;
			knownRegions = (
				en,
				Base,
			);
			mainGroup = 14F2627A26F1C8780067DC42;
			productRefGroup = 14F2628426F1C8780067DC42 /* Products */;
			projectDirPath = "";
			projectRoot = "";
			targets = (
				14F2628226F1C8780067DC42 /* RanDog */,
			);
		};
/* End PBXProject section */

/* Begin PBXResourcesBuildPhase section */
		14F2628126F1C8780067DC42 /* Resources */ = {
			isa = PBXResourcesBuildPhase;
			buildActionMask = 2147483647;
			files = (
				14F2629326F1C8780067DC42 /* LaunchScreen.storyboard in Resources */,
				14F2629026F1C8780067DC42 /* Assets.xcassets in Resources */,
				14F2628E26F1C8780067DC42 /* Main.storyboard in Resources */,
			);
			runOnlyForDeploymentPostprocessing = 0;
		};
/* End PBXResourcesBuildPhase section */

/* Begin PBXSourcesBuildPhase section */
		14F2627F26F1C8780067DC42 /* Sources */ = {
			isa = PBXSourcesBuildPhase;
			buildActionMask = 2147483647;
			files = (
				14F2628B26F1C8780067DC42 /* ViewController.swift in Sources */,
				14F262A026F1D2990067DC42 /* DogImage.swift in Sources */,
				14F2628726F1C8780067DC42 /* AppDelegate.swift in Sources */,
				14F2628926F1C8780067DC42 /* SceneDelegate.swift in Sources */,
				14F2629E26F1C9800067DC42 /* DogAPI.swift in Sources */,
			);
			runOnlyForDeploymentPostprocessing = 0;
		};
/* End PBXSourcesBuildPhase section */

/* Begin PBXVariantGroup section */
		14F2628C26F1C8780067DC42 /* Main.storyboard */ = {
			isa = PBXVariantGroup;
			children = (
				14F2628D26F1C8780067DC42 /* Base */,
			);
			name = Main.storyboard;
			sourceTree = "<group>";
		};
		14F2629126F1C8780067DC42 /* LaunchScreen.storyboard */ = {
			isa = PBXVariantGroup;
			children = (
				14F2629226F1C8780067DC42 /* Base */,
			);
			name = LaunchScreen.storyboard;
			sourceTree = "<group>";
		};
/* End PBXVariantGroup section */

/* Begin XCBuildConfiguration section */
		14F2629526F1C8780067DC42 /* Debug */ = {
			isa = XCBuildConfiguration;
			buildSettings = {
				ALWAYS_SEARCH_USER_PATHS = NO;
				CLANG_ANALYZER_NONNULL = YES;
				CLANG_ANALYZER_NUMBER_OBJECT_CONVERSION = YES_AGGRESSIVE;
				CLANG_CXX_LANGUAGE_STANDARD = "gnu++14";
				CLANG_CXX_LIBRARY = "libc++";
				CLANG_ENABLE_MODULES = YES;
				CLANG_ENABLE_OBJC_ARC = YES;
				CLANG_ENABLE_OBJC_WEAK = YES;
				CLANG_WARN_BLOCK_CAPTURE_AUTORELEASING = YES;
				CLANG_WARN_BOOL_CONVERSION = YES;
				CLANG_WARN_COMMA = YES;
				CLANG_WARN_CONSTANT_CONVERSION = YES;
				CLANG_WARN_DEPRECATED_OBJC_IMPLEMENTATIONS = YES;
				CLANG_WARN_DIRECT_OBJC_ISA_USAGE = YES_ERROR;
				CLANG_WARN_DOCUMENTATION_COMMENTS = YES;
				CLANG_WARN_EMPTY_BODY = YES;
				CLANG_WARN_ENUM_CONVERSION = YES;
				CLANG_WARN_INFINITE_RECURSION = YES;
				CLANG_WARN_INT_CONVERSION = YES;
				CLANG_WARN_NON_LITERAL_NULL_CONVERSION = YES;
				CLANG_WARN_OBJC_IMPLICIT_RETAIN_SELF = YES;
				CLANG_WARN_OBJC_LITERAL_CONVERSION = YES;
				CLANG_WARN_OBJC_ROOT_CLASS = YES_ERROR;
				CLANG_WARN_QUOTED_INCLUDE_IN_FRAMEWORK_HEADER = YES;
				CLANG_WARN_RANGE_LOOP_ANALYSIS = YES;
				CLANG_WARN_STRICT_PROTOTYPES = YES;
				CLANG_WARN_SUSPICIOUS_MOVE = YES;
				CLANG_WARN_UNGUARDED_AVAILABILITY = YES_AGGRESSIVE;
				CLANG_WARN_UNREACHABLE_CODE = YES;
				CLANG_WARN__DUPLICATE_METHOD_MATCH = YES;
				COPY_PHASE_STRIP = NO;
				DEBUG_INFORMATION_FORMAT = dwarf;
				ENABLE_STRICT_OBJC_MSGSEND = YES;
				ENABLE_TESTABILITY = YES;
				GCC_C_LANGUAGE_STANDARD = gnu11;
				GCC_DYNAMIC_NO_PIC = NO;
				GCC_NO_COMMON_BLOCKS = YES;
				GCC_OPTIMIZATION_LEVEL = 0;
				GCC_PREPROCESSOR_DEFINITIONS = (
					"DEBUG=1",
					"$(inherited)",
				);
				GCC_WARN_64_TO_32_BIT_CONVERSION = YES;
				GCC_WARN_ABOUT_RETURN_TYPE = YES_ERROR;
				GCC_WARN_UNDECLARED_SELECTOR = YES;
				GCC_WARN_UNINITIALIZED_AUTOS = YES_AGGRESSIVE;
				GCC_WARN_UNUSED_FUNCTION = YES;
				GCC_WARN_UNUSED_VARIABLE = YES;
				IPHONEOS_DEPLOYMENT_TARGET = 14.5;
				MTL_ENABLE_DEBUG_INFO = INCLUDE_SOURCE;
				MTL_FAST_MATH = YES;
				ONLY_ACTIVE_ARCH = YES;
				SDKROOT = iphoneos;
				SWIFT_ACTIVE_COMPILATION_CONDITIONS = DEBUG;
				SWIFT_OPTIMIZATION_LEVEL = "-Onone";
			};
			name = Debug;
		};
		14F2629626F1C8780067DC42 /* Release */ = {
			isa = XCBuildConfiguration;
			buildSettings = {
				ALWAYS_SEARCH_USER_PATHS = NO;
				CLANG_ANALYZER_NONNULL = YES;
				CLANG_ANALYZER_NUMBER_OBJECT_CONVERSION = YES_AGGRESSIVE;
				CLANG_CXX_LANGUAGE_STANDARD = "gnu++14";
				CLANG_CXX_LIBRARY = "libc++";
				CLANG_ENABLE_MODULES = YES;
				CLANG_ENABLE_OBJC_ARC = YES;
				CLANG_ENABLE_OBJC_WEAK = YES;
				CLANG_WARN_BLOCK_CAPTURE_AUTORELEASING = YES;
				CLANG_WARN_BOOL_CONVERSION = YES;
				CLANG_WARN_COMMA = YES;
				CLANG_WARN_CONSTANT_CONVERSION = YES;
				CLANG_WARN_DEPRECATED_OBJC_IMPLEMENTATIONS = YES;
				CLANG_WARN_DIRECT_OBJC_ISA_USAGE = YES_ERROR;
				CLANG_WARN_DOCUMENTATION_COMMENTS = YES;
				CLANG_WARN_EMPTY_BODY = YES;
				CLANG_WARN_ENUM_CONVERSION = YES;
				CLANG_WARN_INFINITE_RECURSION = YES;
				CLANG_WARN_INT_CONVERSION = YES;
				CLANG_WARN_NON_LITERAL_NULL_CONVERSION = YES;
				CLANG_WARN_OBJC_IMPLICIT_RETAIN_SELF = YES;
				CLANG_WARN_OBJC_LITERAL_CONVERSION = YES;
				CLANG_WARN_OBJC_ROOT_CLASS = YES_ERROR;
				CLANG_WARN_QUOTED_INCLUDE_IN_FRAMEWORK_HEADER = YES;
				CLANG_WARN_RANGE_LOOP_ANALYSIS = YES;
				CLANG_WARN_STRICT_PROTOTYPES = YES;
				CLANG_WARN_SUSPICIOUS_MOVE = YES;
				CLANG_WARN_UNGUARDED_AVAILABILITY = YES_AGGRESSIVE;
				CLANG_WARN_UNREACHABLE_CODE = YES;
				CLANG_WARN__DUPLICATE_METHOD_MATCH = YES;
				COPY_PHASE_STRIP = NO;
				DEBUG_INFORMATION_FORMAT = "dwarf-with-dsym";
				ENABLE_NS_ASSERTIONS = NO;
				ENABLE_STRICT_OBJC_MSGSEND = YES;
				GCC_C_LANGUAGE_STANDARD = gnu11;
				GCC_NO_COMMON_BLOCKS = YES;
				GCC_WARN_64_TO_32_BIT_CONVERSION = YES;
				GCC_WARN_ABOUT_RETURN_TYPE = YES_ERROR;
				GCC_WARN_UNDECLARED_SELECTOR = YES;
				GCC_WARN_UNINITIALIZED_AUTOS = YES_AGGRESSIVE;
				GCC_WARN_UNUSED_FUNCTION = YES;
				GCC_WARN_UNUSED_VARIABLE = YES;
				IPHONEOS_DEPLOYMENT_TARGET = 14.5;
				MTL_ENABLE_DEBUG_INFO = NO;
				MTL_FAST_MATH = YES;
				SDKROOT = iphoneos;
				SWIFT_COMPILATION_MODE = wholemodule;
				SWIFT_OPTIMIZATION_LEVEL = "-O";
				VALIDATE_PRODUCT = YES;
			};
			name = Release;
		};
		14F2629826F1C8780067DC42 /* Debug */ = {
			isa = XCBuildConfiguration;
			buildSettings = {
				ASSETCATALOG_COMPILER_APPICON_NAME = AppIcon;
				ASSETCATALOG_COMPILER_GLOBAL_ACCENT_COLOR_NAME = AccentColor;
				CODE_SIGN_STYLE = Automatic;
				DEVELOPMENT_TEAM = NH9ZT9KDZR;
				INFOPLIST_FILE = RanDog/Info.plist;
				LD_RUNPATH_SEARCH_PATHS = (
					"$(inherited)",
					"@executable_path/Frameworks",
				);
				PRODUCT_BUNDLE_IDENTIFIER = com.rakeshdama.RanDog;
				PRODUCT_NAME = "$(TARGET_NAME)";
				SWIFT_VERSION = 5.0;
				TARGETED_DEVICE_FAMILY = "1,2";
			};
			name = Debug;
		};
		14F2629926F1C8780067DC42 /* Release */ = {
			isa = XCBuildConfiguration;
			buildSettings = {
				ASSETCATALOG_COMPILER_APPICON_NAME = AppIcon;
				ASSETCATALOG_COMPILER_GLOBAL_ACCENT_COLOR_NAME = AccentColor;
				CODE_SIGN_STYLE = Automatic;
				DEVELOPMENT_TEAM = NH9ZT9KDZR;
				INFOPLIST_FILE = RanDog/Info.plist;
				LD_RUNPATH_SEARCH_PATHS = (
					"$(inherited)",
					"@executable_path/Frameworks",
				);
				PRODUCT_BUNDLE_IDENTIFIER = com.rakeshdama.RanDog;
				PRODUCT_NAME = "$(TARGET_NAME)";
				SWIFT_VERSION = 5.0;
				TARGETED_DEVICE_FAMILY = "1,2";
			};
			name = Release;
		};
/* End XCBuildConfiguration section */

/* Begin XCConfigurationList section */
		14F2627E26F1C8780067DC42 /* Build configuration list for PBXProject "RanDog" */ = {
			isa = XCConfigurationList;
			buildConfigurations = (
				14F2629526F1C8780067DC42 /* Debug */,
				14F2629626F1C8780067DC42 /* Release */,
			);
			defaultConfigurationIsVisible = 0;
			defaultConfigurationName = Release;
		};
		14F2629726F1C8780067DC42 /* Build configuration list for PBXNativeTarget "RanDog" */ = {
			isa = XCConfigurationList;
			buildConfigurations = (
				14F2629826F1C8780067DC42 /* Debug */,
				14F2629926F1C8780067DC42 /* Release */,
			);
			defaultConfigurationIsVisible = 0;
			defaultConfigurationName = Release;
		};
/* End XCConfigurationList section */
	};
	rootObject = 14F2627B26F1C8780067DC42 /* Project object */;
}
